
Microsoft Visual Studio Solution File, Format Version 12.00
# Visual Studio Version 17
VisualStudioVersion = 17.9.34701.34
MinimumVisualStudioVersion = 10.0.40219.1
Project("{FAE04EC0-301F-11D3-BF4B-00C04F79EFBC}") = "iConnect", "iConnect.csproj", "{5EAA8194-2CFA-4144-AEBF-CCA8CD7DD276}"
EndProject
Global
	GlobalSection(SolutionConfigurationPlatforms) = preSolution
		Debug|Any CPU = Debug|Any CPU
		Release|Any CPU = Release|Any CPU
	EndGlobalSection
	GlobalSection(ProjectConfigurationPlatforms) = postSolution
		{5EAA8194-2CFA-4144-AEBF-CCA8CD7DD276}.Debug|Any CPU.ActiveCfg = Debug|Any CPU
		{5EAA8194-2CFA-4144-AEBF-CCA8CD7DD276}.Debug|Any CPU.Build.0 = Debug|Any CPU
		{5EAA8194-2CFA-4144-AEBF-CCA8CD7DD276}.Release|Any CPU.ActiveCfg = Release|Any CPU
		{5EAA8194-2CFA-4144-AEBF-CCA8CD7DD276}.Release|Any CPU.Build.0 = Release|Any CPU
	EndGlobalSection
	GlobalSection(SolutionProperties) = preSolution
		HideSolutionNode = FALSE
	EndGlobalSection
	GlobalSection(ExtensibilityGlobals) = postSolution
		SolutionGuid = {5CFF91CD-A809-4648-9005-D1B980889CA6}
	EndGlobalSection
EndGlobal
